
Microsoft Visual Studio Solution File, Format Version 12.00
# Visual Studio 15
VisualStudioVersion = 15.0.27004.2005
MinimumVisualStudioVersion = 10.0.40219.1
Project("{FAE04EC0-301F-11D3-BF4B-00C04F79EFBC}") = "ROSOnTrack-MQTT", "ROSOnTrack-MQTT\ROSOnTrack-MQTT.csproj", "{96EBE68D-2598-4FA6-9A1B-C516C1DD7F1E}"
EndProject
Global
	GlobalSection(SolutionConfigurationPlatforms) = preSolution
		Debug|Any CPU = Debug|Any CPU
		Release|Any CPU = Release|Any CPU
	EndGlobalSection
	GlobalSection(ProjectConfigurationPlatforms) = postSolution
		{96EBE68D-2598-4FA6-9A1B-C516C1DD7F1E}.Debug|Any CPU.ActiveCfg = Debug|Any CPU
		{96EBE68D-2598-4FA6-9A1B-C516C1DD7F1E}.Debug|Any CPU.Build.0 = Debug|Any CPU
		{96EBE68D-2598-4FA6-9A1B-C516C1DD7F1E}.Release|Any CPU.ActiveCfg = Release|Any CPU
		{96EBE68D-2598-4FA6-9A1B-C516C1DD7F1E}.Release|Any CPU.Build.0 = Release|Any CPU
	EndGlobalSection
	GlobalSection(SolutionProperties) = preSolution
		HideSolutionNode = FALSE
	EndGlobalSection
	GlobalSection(ExtensibilityGlobals) = postSolution
		SolutionGuid = {61015FCA-4E63-4722-8076-B25D4F5322A6}
	EndGlobalSection
EndGlobal
